// !$*UTF8*$!
{
	archiveVersion = 1;
	classes = {
	};
	objectVersion = 46;
	objects = {

/* Begin PBXBuildFile section */
		1803551C181F574700E0A0DF /* Foundation.framework in Frameworks */ = {isa = PBXBuildFile; fileRef = 1803551B181F574700E0A0DF /* Foundation.framework */; };
		1803551E181F574700E0A0DF /* CoreGraphics.framework in Frameworks */ = {isa = PBXBuildFile; fileRef = 1803551D181F574700E0A0DF /* CoreGraphics.framework */; };
		18035520181F574700E0A0DF /* UIKit.framework in Frameworks */ = {isa = PBXBuildFile; fileRef = 1803551F181F574700E0A0DF /* UIKit.framework */; };
		18035526181F574700E0A0DF /* InfoPlist.strings in Resources */ = {isa = PBXBuildFile; fileRef = 18035524181F574700E0A0DF /* InfoPlist.strings */; };
		18035528181F574700E0A0DF /* main.m in Sources */ = {isa = PBXBuildFile; fileRef = 18035527181F574700E0A0DF /* main.m */; };
		1803552C181F574700E0A0DF /* AppDelegate.m in Sources */ = {isa = PBXBuildFile; fileRef = 1803552B181F574700E0A0DF /* AppDelegate.m */; };
		18035532181F574700E0A0DF /* ViewController.m in Sources */ = {isa = PBXBuildFile; fileRef = 18035531181F574700E0A0DF /* ViewController.m */; };
		18035534181F574700E0A0DF /* Images.xcassets in Resources */ = {isa = PBXBuildFile; fileRef = 18035533181F574700E0A0DF /* Images.xcassets */; };
		1803553B181F574700E0A0DF /* XCTest.framework in Frameworks */ = {isa = PBXBuildFile; fileRef = 1803553A181F574700E0A0DF /* XCTest.framework */; };
		1803553C181F574700E0A0DF /* Foundation.framework in Frameworks */ = {isa = PBXBuildFile; fileRef = 1803551B181F574700E0A0DF /* Foundation.framework */; };
		1803553D181F574700E0A0DF /* UIKit.framework in Frameworks */ = {isa = PBXBuildFile; fileRef = 1803551F181F574700E0A0DF /* UIKit.framework */; };
		18035545181F574700E0A0DF /* InfoPlist.strings in Resources */ = {isa = PBXBuildFile; fileRef = 18035543181F574700E0A0DF /* InfoPlist.strings */; };
		18035547181F574700E0A0DF /* IndoorMapSceneTests.m in Sources */ = {isa = PBXBuildFile; fileRef = 18035546181F574700E0A0DF /* IndoorMapSceneTests.m */; };
		18035555181F580400E0A0DF /* AStarItem.mm in Sources */ = {isa = PBXBuildFile; fileRef = 18035552181F580400E0A0DF /* AStarItem.mm */; };
		18035556181F580400E0A0DF /* AStar.mm in Sources */ = {isa = PBXBuildFile; fileRef = 18035554181F580400E0A0DF /* AStar.mm */; };
		18035559181F584300E0A0DF /* MapArea.m in Sources */ = {isa = PBXBuildFile; fileRef = 18035558181F584300E0A0DF /* MapArea.m */; };
		1803555C181F58CC00E0A0DF /* IndoorMapView.m in Sources */ = {isa = PBXBuildFile; fileRef = 1803555B181F58CC00E0A0DF /* IndoorMapView.m */; };
		18035560181F59B000E0A0DF /* floor1.jpg in Resources */ = {isa = PBXBuildFile; fileRef = 1803555E181F59B000E0A0DF /* floor1.jpg */; };
		18035561181F59B000E0A0DF /* tag.png in Resources */ = {isa = PBXBuildFile; fileRef = 1803555F181F59B000E0A0DF /* tag.png */; };
		188B029818222D8600D4EEC6 /* PopoverView.m in Sources */ = {isa = PBXBuildFile; fileRef = 188B029718222D8600D4EEC6 /* PopoverView.m */; settings = {COMPILER_FLAGS = "-fno-objc-arc"; }; };
		188EFC79181F952200BAE962 /* UIImageView+Effects.m in Sources */ = {isa = PBXBuildFile; fileRef = 188EFC78181F952200BAE962 /* UIImageView+Effects.m */; };
		188EFC7B181F95EF00BAE962 /* QuartzCore.framework in Frameworks */ = {isa = PBXBuildFile; fileRef = 188EFC7A181F95EF00BAE962 /* QuartzCore.framework */; };
		188EFC7F181FB8F100BAE962 /* Utils.m in Sources */ = {isa = PBXBuildFile; fileRef = 188EFC7E181FB8F100BAE962 /* Utils.m */; };
		96DFC01E1827D20700CAEE5B /* CATransform3DPerspect.m in Sources */ = {isa = PBXBuildFile; fileRef = 96DFC01D1827D20700CAEE5B /* CATransform3DPerspect.m */; };
/* End PBXBuildFile section */

/* Begin PBXContainerItemProxy section */
		1803553E181F574700E0A0DF /* PBXContainerItemProxy */ = {
			isa = PBXContainerItemProxy;
			containerPortal = 18035510181F574600E0A0DF /* Project object */;
			proxyType = 1;
			remoteGlobalIDString = 18035517181F574700E0A0DF;
			remoteInfo = IndoorMapScene;
		};
/* End PBXContainerItemProxy section */

/* Begin PBXFileReference section */
		18035518181F574700E0A0DF /* IndoorMapScene.app */ = {isa = PBXFileReference; explicitFileType = wrapper.application; includeInIndex = 0; path = IndoorMapScene.app; sourceTree = BUILT_PRODUCTS_DIR; };
		1803551B181F574700E0A0DF /* Foundation.framework */ = {isa = PBXFileReference; lastKnownFileType = wrapper.framework; name = Foundation.framework; path = System/Library/Frameworks/Foundation.framework; sourceTree = SDKROOT; };
		1803551D181F574700E0A0DF /* CoreGraphics.framework */ = {isa = PBXFileReference; lastKnownFileType = wrapper.framework; name = CoreGraphics.framework; path = System/Library/Frameworks/CoreGraphics.framework; sourceTree = SDKROOT; };
		1803551F181F574700E0A0DF /* UIKit.framework */ = {isa = PBXFileReference; lastKnownFileType = wrapper.framework; name = UIKit.framework; path = System/Library/Frameworks/UIKit.framework; sourceTree = SDKROOT; };
		18035523181F574700E0A0DF /* IndoorMapScene-Info.plist */ = {isa = PBXFileReference; lastKnownFileType = text.plist.xml; path = "IndoorMapScene-Info.plist"; sourceTree = "<group>"; };
		18035525181F574700E0A0DF /* en */ = {isa = PBXFileReference; lastKnownFileType = text.plist.strings; name = en; path = en.lproj/InfoPlist.strings; sourceTree = "<group>"; };
		18035527181F574700E0A0DF /* main.m */ = {isa = PBXFileReference; lastKnownFileType = sourcecode.c.objc; path = main.m; sourceTree = "<group>"; };
		18035529181F574700E0A0DF /* IndoorMapScene-Prefix.pch */ = {isa = PBXFileReference; lastKnownFileType = sourcecode.c.h; path = "IndoorMapScene-Prefix.pch"; sourceTree = "<group>"; };
		1803552A181F574700E0A0DF /* AppDelegate.h */ = {isa = PBXFileReference; lastKnownFileType = sourcecode.c.h; path = AppDelegate.h; sourceTree = "<group>"; };
		1803552B181F574700E0A0DF /* AppDelegate.m */ = {isa = PBXFileReference; lastKnownFileType = sourcecode.c.objc; path = AppDelegate.m; sourceTree = "<group>"; };
		18035530181F574700E0A0DF /* ViewController.h */ = {isa = PBXFileReference; lastKnownFileType = sourcecode.c.h; path = ViewController.h; sourceTree = "<group>"; };
		18035531181F574700E0A0DF /* ViewController.m */ = {isa = PBXFileReference; lastKnownFileType = sourcecode.c.objc; path = ViewController.m; sourceTree = "<group>"; };
		18035533181F574700E0A0DF /* Images.xcassets */ = {isa = PBXFileReference; lastKnownFileType = folder.assetcatalog; path = Images.xcassets; sourceTree = "<group>"; };
		18035539181F574700E0A0DF /* IndoorMapSceneTests.xctest */ = {isa = PBXFileReference; explicitFileType = wrapper.cfbundle; includeInIndex = 0; path = IndoorMapSceneTests.xctest; sourceTree = BUILT_PRODUCTS_DIR; };
		1803553A181F574700E0A0DF /* XCTest.framework */ = {isa = PBXFileReference; lastKnownFileType = wrapper.framework; name = XCTest.framework; path = Library/Frameworks/XCTest.framework; sourceTree = DEVELOPER_DIR; };
		18035542181F574700E0A0DF /* IndoorMapSceneTests-Info.plist */ = {isa = PBXFileReference; lastKnownFileType = text.plist.xml; path = "IndoorMapSceneTests-Info.plist"; sourceTree = "<group>"; };
		18035544181F574700E0A0DF /* en */ = {isa = PBXFileReference; lastKnownFileType = text.plist.strings; name = en; path = en.lproj/InfoPlist.strings; sourceTree = "<group>"; };
		18035546181F574700E0A0DF /* IndoorMapSceneTests.m */ = {isa = PBXFileReference; lastKnownFileType = sourcecode.c.objc; path = IndoorMapSceneTests.m; sourceTree = "<group>"; };
		18035551181F580400E0A0DF /* AStarItem.h */ = {isa = PBXFileReference; fileEncoding = 4; lastKnownFileType = sourcecode.c.h; path = AStarItem.h; sourceTree = "<group>"; };
		18035552181F580400E0A0DF /* AStarItem.mm */ = {isa = PBXFileReference; fileEncoding = 4; lastKnownFileType = sourcecode.cpp.objcpp; path = AStarItem.mm; sourceTree = "<group>"; };
		18035553181F580400E0A0DF /* AStar.h */ = {isa = PBXFileReference; fileEncoding = 4; lastKnownFileType = sourcecode.c.h; path = AStar.h; sourceTree = "<group>"; };
		18035554181F580400E0A0DF /* AStar.mm */ = {isa = PBXFileReference; fileEncoding = 4; lastKnownFileType = sourcecode.cpp.objcpp; path = AStar.mm; sourceTree = "<group>"; };
		18035557181F584300E0A0DF /* MapArea.h */ = {isa = PBXFileReference; fileEncoding = 4; lastKnownFileType = sourcecode.c.h; path = MapArea.h; sourceTree = "<group>"; };
		18035558181F584300E0A0DF /* MapArea.m */ = {isa = PBXFileReference; fileEncoding = 4; lastKnownFileType = sourcecode.c.objc; path = MapArea.m; sourceTree = "<group>"; };
		1803555A181F58CC00E0A0DF /* IndoorMapView.h */ = {isa = PBXFileReference; fileEncoding = 4; lastKnownFileType = sourcecode.c.h; path = IndoorMapView.h; sourceTree = "<group>"; };
		1803555B181F58CC00E0A0DF /* IndoorMapView.m */ = {isa = PBXFileReference; fileEncoding = 4; lastKnownFileType = sourcecode.c.objc; path = IndoorMapView.m; sourceTree = "<group>"; };
		1803555E181F59B000E0A0DF /* floor1.jpg */ = {isa = PBXFileReference; lastKnownFileType = image.jpeg; path = floor1.jpg; sourceTree = "<group>"; };
		1803555F181F59B000E0A0DF /* tag.png */ = {isa = PBXFileReference; lastKnownFileType = image.png; path = tag.png; sourceTree = "<group>"; };
		188B029618222D8600D4EEC6 /* PopoverView.h */ = {isa = PBXFileReference; fileEncoding = 4; lastKnownFileType = sourcecode.c.h; path = PopoverView.h; sourceTree = "<group>"; };
		188B029718222D8600D4EEC6 /* PopoverView.m */ = {isa = PBXFileReference; fileEncoding = 4; lastKnownFileType = sourcecode.c.objc; path = PopoverView.m; sourceTree = "<group>"; };
		188EFC77181F952200BAE962 /* UIImageView+Effects.h */ = {isa = PBXFileReference; fileEncoding = 4; lastKnownFileType = sourcecode.c.h; path = "UIImageView+Effects.h"; sourceTree = "<group>"; };
		188EFC78181F952200BAE962 /* UIImageView+Effects.m */ = {isa = PBXFileReference; fileEncoding = 4; lastKnownFileType = sourcecode.c.objc; path = "UIImageView+Effects.m"; sourceTree = "<group>"; };
		188EFC7A181F95EF00BAE962 /* QuartzCore.framework */ = {isa = PBXFileReference; lastKnownFileType = wrapper.framework; name = QuartzCore.framework; path = System/Library/Frameworks/QuartzCore.framework; sourceTree = SDKROOT; };
		188EFC7D181FB8F100BAE962 /* Utils.h */ = {isa = PBXFileReference; fileEncoding = 4; lastKnownFileType = sourcecode.c.h; path = Utils.h; sourceTree = "<group>"; };
		188EFC7E181FB8F100BAE962 /* Utils.m */ = {isa = PBXFileReference; fileEncoding = 4; lastKnownFileType = sourcecode.c.objc; path = Utils.m; sourceTree = "<group>"; };
		96DFC01C1827D20700CAEE5B /* CATransform3DPerspect.h */ = {isa = PBXFileReference; fileEncoding = 4; lastKnownFileType = sourcecode.c.h; path = CATransform3DPerspect.h; sourceTree = "<group>"; };
		96DFC01D1827D20700CAEE5B /* CATransform3DPerspect.m */ = {isa = PBXFileReference; fileEncoding = 4; lastKnownFileType = sourcecode.c.objc; path = CATransform3DPerspect.m; sourceTree = "<group>"; };
/* End PBXFileReference section */

/* Begin PBXFrameworksBuildPhase section */
		18035515181F574700E0A0DF /* Frameworks */ = {
			isa = PBXFrameworksBuildPhase;
			buildActionMask = 2147483647;
			files = (
				188EFC7B181F95EF00BAE962 /* QuartzCore.framework in Frameworks */,
				1803551E181F574700E0A0DF /* CoreGraphics.framework in Frameworks */,
				18035520181F574700E0A0DF /* UIKit.framework in Frameworks */,
				1803551C181F574700E0A0DF /* Foundation.framework in Frameworks */,
			);
			runOnlyForDeploymentPostprocessing = 0;
		};
		18035536181F574700E0A0DF /* Frameworks */ = {
			isa = PBXFrameworksBuildPhase;
			buildActionMask = 2147483647;
			files = (
				1803553B181F574700E0A0DF /* XCTest.framework in Frameworks */,
				1803553D181F574700E0A0DF /* UIKit.framework in Frameworks */,
				1803553C181F574700E0A0DF /* Foundation.framework in Frameworks */,
			);
			runOnlyForDeploymentPostprocessing = 0;
		};
/* End PBXFrameworksBuildPhase section */

/* Begin PBXGroup section */
		1803550F181F574600E0A0DF = {
			isa = PBXGroup;
			children = (
				188EFC7C181FB8D500BAE962 /* Utils */,
				18035562181F918300E0A0DF /* Views */,
				1803555D181F59A500E0A0DF /* Resources */,
				18035550181F57E000E0A0DF /* AStar */,
				18035521181F574700E0A0DF /* IndoorMapScene */,
				18035540181F574700E0A0DF /* IndoorMapSceneTests */,
				1803551A181F574700E0A0DF /* Frameworks */,
				18035519181F574700E0A0DF /* Products */,
			);
			sourceTree = "<group>";
		};
		18035519181F574700E0A0DF /* Products */ = {
			isa = PBXGroup;
			children = (
				18035518181F574700E0A0DF /* IndoorMapScene.app */,
				18035539181F574700E0A0DF /* IndoorMapSceneTests.xctest */,
			);
			name = Products;
			sourceTree = "<group>";
		};
		1803551A181F574700E0A0DF /* Frameworks */ = {
			isa = PBXGroup;
			children = (
				188EFC7A181F95EF00BAE962 /* QuartzCore.framework */,
				1803551B181F574700E0A0DF /* Foundation.framework */,
				1803551D181F574700E0A0DF /* CoreGraphics.framework */,
				1803551F181F574700E0A0DF /* UIKit.framework */,
				1803553A181F574700E0A0DF /* XCTest.framework */,
			);
			name = Frameworks;
			sourceTree = "<group>";
		};
		18035521181F574700E0A0DF /* IndoorMapScene */ = {
			isa = PBXGroup;
			children = (
				1803552A181F574700E0A0DF /* AppDelegate.h */,
				1803552B181F574700E0A0DF /* AppDelegate.m */,
				1803555A181F58CC00E0A0DF /* IndoorMapView.h */,
				1803555B181F58CC00E0A0DF /* IndoorMapView.m */,
				18035530181F574700E0A0DF /* ViewController.h */,
				18035531181F574700E0A0DF /* ViewController.m */,
				18035557181F584300E0A0DF /* MapArea.h */,
				18035558181F584300E0A0DF /* MapArea.m */,
				18035533181F574700E0A0DF /* Images.xcassets */,
				18035522181F574700E0A0DF /* Supporting Files */,
			);
			path = IndoorMapScene;
			sourceTree = "<group>";
		};
		18035522181F574700E0A0DF /* Supporting Files */ = {
			isa = PBXGroup;
			children = (
				18035523181F574700E0A0DF /* IndoorMapScene-Info.plist */,
				18035524181F574700E0A0DF /* InfoPlist.strings */,
				18035527181F574700E0A0DF /* main.m */,
				18035529181F574700E0A0DF /* IndoorMapScene-Prefix.pch */,
			);
			name = "Supporting Files";
			sourceTree = "<group>";
		};
		18035540181F574700E0A0DF /* IndoorMapSceneTests */ = {
			isa = PBXGroup;
			children = (
				18035546181F574700E0A0DF /* IndoorMapSceneTests.m */,
				18035541181F574700E0A0DF /* Supporting Files */,
			);
			path = IndoorMapSceneTests;
			sourceTree = "<group>";
		};
		18035541181F574700E0A0DF /* Supporting Files */ = {
			isa = PBXGroup;
			children = (
				18035542181F574700E0A0DF /* IndoorMapSceneTests-Info.plist */,
				18035543181F574700E0A0DF /* InfoPlist.strings */,
			);
			name = "Supporting Files";
			sourceTree = "<group>";
		};
		18035550181F57E000E0A0DF /* AStar */ = {
			isa = PBXGroup;
			children = (
				18035551181F580400E0A0DF /* AStarItem.h */,
				18035552181F580400E0A0DF /* AStarItem.mm */,
				18035553181F580400E0A0DF /* AStar.h */,
				18035554181F580400E0A0DF /* AStar.mm */,
			);
			name = AStar;
			sourceTree = "<group>";
		};
		1803555D181F59A500E0A0DF /* Resources */ = {
			isa = PBXGroup;
			children = (
				1803555E181F59B000E0A0DF /* floor1.jpg */,
				1803555F181F59B000E0A0DF /* tag.png */,
			);
			name = Resources;
			sourceTree = "<group>";
		};
		18035562181F918300E0A0DF /* Views */ = {
			isa = PBXGroup;
			children = (
				188B029618222D8600D4EEC6 /* PopoverView.h */,
				188B029718222D8600D4EEC6 /* PopoverView.m */,
				188EFC77181F952200BAE962 /* UIImageView+Effects.h */,
				188EFC78181F952200BAE962 /* UIImageView+Effects.m */,
			);
			name = Views;
			sourceTree = "<group>";
		};
		188EFC7C181FB8D500BAE962 /* Utils */ = {
			isa = PBXGroup;
			children = (
				96DFC01C1827D20700CAEE5B /* CATransform3DPerspect.h */,
				96DFC01D1827D20700CAEE5B /* CATransform3DPerspect.m */,
				188EFC7D181FB8F100BAE962 /* Utils.h */,
				188EFC7E181FB8F100BAE962 /* Utils.m */,
			);
			name = Utils;
			sourceTree = "<group>";
		};
/* End PBXGroup section */

/* Begin PBXNativeTarget section */
		18035517181F574700E0A0DF /* IndoorMapScene */ = {
			isa = PBXNativeTarget;
			buildConfigurationList = 1803554A181F574700E0A0DF /* Build configuration list for PBXNativeTarget "IndoorMapScene" */;
			buildPhases = (
				18035514181F574700E0A0DF /* Sources */,
				18035515181F574700E0A0DF /* Frameworks */,
				18035516181F574700E0A0DF /* Resources */,
			);
			buildRules = (
			);
			dependencies = (
			);
			name = IndoorMapScene;
			productName = IndoorMapScene;
			productReference = 18035518181F574700E0A0DF /* IndoorMapScene.app */;
			productType = "com.apple.product-type.application";
		};
		18035538181F574700E0A0DF /* IndoorMapSceneTests */ = {
			isa = PBXNativeTarget;
			buildConfigurationList = 1803554D181F574700E0A0DF /* Build configuration list for PBXNativeTarget "IndoorMapSceneTests" */;
			buildPhases = (
				18035535181F574700E0A0DF /* Sources */,
				18035536181F574700E0A0DF /* Frameworks */,
				18035537181F574700E0A0DF /* Resources */,
			);
			buildRules = (
			);
			dependencies = (
				1803553F181F574700E0A0DF /* PBXTargetDependency */,
			);
			name = IndoorMapSceneTests;
			productName = IndoorMapSceneTests;
			productReference = 18035539181F574700E0A0DF /* IndoorMapSceneTests.xctest */;
			productType = "com.apple.product-type.bundle.unit-test";
		};
/* End PBXNativeTarget section */

/* Begin PBXProject section */
		18035510181F574600E0A0DF /* Project object */ = {
			isa = PBXProject;
			attributes = {
				LastUpgradeCheck = 0500;
				ORGANIZATIONNAME = apple;
				TargetAttributes = {
					18035538181F574700E0A0DF = {
						TestTargetID = 18035517181F574700E0A0DF;
					};
				};
			};
			buildConfigurationList = 18035513181F574600E0A0DF /* Build configuration list for PBXProject "IndoorMapScene" */;
			compatibilityVersion = "Xcode 3.2";
			developmentRegion = English;
			hasScannedForEncodings = 0;
			knownRegions = (
				en,
				Base,
			);
			mainGroup = 1803550F181F574600E0A0DF;
			productRefGroup = 18035519181F574700E0A0DF /* Products */;
			projectDirPath = "";
			projectRoot = "";
			targets = (
				18035517181F574700E0A0DF /* IndoorMapScene */,
				18035538181F574700E0A0DF /* IndoorMapSceneTests */,
			);
		};
/* End PBXProject section */

/* Begin PBXResourcesBuildPhase section */
		18035516181F574700E0A0DF /* Resources */ = {
			isa = PBXResourcesBuildPhase;
			buildActionMask = 2147483647;
			files = (
				18035561181F59B000E0A0DF /* tag.png in Resources */,
				18035534181F574700E0A0DF /* Images.xcassets in Resources */,
				18035526181F574700E0A0DF /* InfoPlist.strings in Resources */,
				18035560181F59B000E0A0DF /* floor1.jpg in Resources */,
			);
			runOnlyForDeploymentPostprocessing = 0;
		};
		18035537181F574700E0A0DF /* Resources */ = {
			isa = PBXResourcesBuildPhase;
			buildActionMask = 2147483647;
			files = (
				18035545181F574700E0A0DF /* InfoPlist.strings in Resources */,
			);
			runOnlyForDeploymentPostprocessing = 0;
		};
/* End PBXResourcesBuildPhase section */

/* Begin PBXSourcesBuildPhase section */
		18035514181F574700E0A0DF /* Sources */ = {
			isa = PBXSourcesBuildPhase;
			buildActionMask = 2147483647;
			files = (
				188EFC7F181FB8F100BAE962 /* Utils.m in Sources */,
				18035556181F580400E0A0DF /* AStar.mm in Sources */,
				1803555C181F58CC00E0A0DF /* IndoorMapView.m in Sources */,
				18035559181F584300E0A0DF /* MapArea.m in Sources */,
				18035532181F574700E0A0DF /* ViewController.m in Sources */,
				1803552C181F574700E0A0DF /* AppDelegate.m in Sources */,
				188B029818222D8600D4EEC6 /* PopoverView.m in Sources */,
				96DFC01E1827D20700CAEE5B /* CATransform3DPerspect.m in Sources */,
				18035555181F580400E0A0DF /* AStarItem.mm in Sources */,
				18035528181F574700E0A0DF /* main.m in Sources */,
				188EFC79181F952200BAE962 /* UIImageView+Effects.m in Sources */,
			);
			runOnlyForDeploymentPostprocessing = 0;
		};
		18035535181F574700E0A0DF /* Sources */ = {
			isa = PBXSourcesBuildPhase;
			buildActionMask = 2147483647;
			files = (
				18035547181F574700E0A0DF /* IndoorMapSceneTests.m in Sources */,
			);
			runOnlyForDeploymentPostprocessing = 0;
		};
/* End PBXSourcesBuildPhase section */

/* Begin PBXTargetDependency section */
		1803553F181F574700E0A0DF /* PBXTargetDependency */ = {
			isa = PBXTargetDependency;
			target = 18035517181F574700E0A0DF /* IndoorMapScene */;
			targetProxy = 1803553E181F574700E0A0DF /* PBXContainerItemProxy */;
		};
/* End PBXTargetDependency section */

/* Begin PBXVariantGroup section */
		18035524181F574700E0A0DF /* InfoPlist.strings */ = {
			isa = PBXVariantGroup;
			children = (
				18035525181F574700E0A0DF /* en */,
			);
			name = InfoPlist.strings;
			sourceTree = "<group>";
		};
		18035543181F574700E0A0DF /* InfoPlist.strings */ = {
			isa = PBXVariantGroup;
			children = (
				18035544181F574700E0A0DF /* en */,
			);
			name = InfoPlist.strings;
			sourceTree = "<group>";
		};
/* End PBXVariantGroup section */

/* Begin XCBuildConfiguration section */
		18035548181F574700E0A0DF /* Debug */ = {
			isa = XCBuildConfiguration;
			buildSettings = {
				ALWAYS_SEARCH_USER_PATHS = NO;
				ARCHS = "$(ARCHS_STANDARD_INCLUDING_64_BIT)";
				CLANG_CXX_LANGUAGE_STANDARD = "gnu++0x";
				CLANG_CXX_LIBRARY = "libc++";
				CLANG_ENABLE_MODULES = YES;
				CLANG_ENABLE_OBJC_ARC = YES;
				CLANG_WARN_BOOL_CONVERSION = YES;
				CLANG_WARN_CONSTANT_CONVERSION = YES;
				CLANG_WARN_DIRECT_OBJC_ISA_USAGE = YES_ERROR;
				CLANG_WARN_EMPTY_BODY = YES;
				CLANG_WARN_ENUM_CONVERSION = YES;
				CLANG_WARN_INT_CONVERSION = YES;
				CLANG_WARN_OBJC_ROOT_CLASS = YES_ERROR;
				CLANG_WARN__DUPLICATE_METHOD_MATCH = YES;
				"CODE_SIGN_IDENTITY[sdk=iphoneos*]" = "iPhone Developer";
				COPY_PHASE_STRIP = NO;
				GCC_C_LANGUAGE_STANDARD = gnu99;
				GCC_DYNAMIC_NO_PIC = NO;
				GCC_OPTIMIZATION_LEVEL = 0;
				GCC_PREPROCESSOR_DEFINITIONS = (
					"DEBUG=1",
					"$(inherited)",
				);
				GCC_SYMBOLS_PRIVATE_EXTERN = NO;
				GCC_WARN_64_TO_32_BIT_CONVERSION = YES;
				GCC_WARN_ABOUT_RETURN_TYPE = YES_ERROR;
				GCC_WARN_UNDECLARED_SELECTOR = YES;
				GCC_WARN_UNINITIALIZED_AUTOS = YES;
				GCC_WARN_UNUSED_FUNCTION = YES;
				GCC_WARN_UNUSED_VARIABLE = YES;
				IPHONEOS_DEPLOYMENT_TARGET = 7.0;
				ONLY_ACTIVE_ARCH = YES;
				SDKROOT = iphoneos;
			};
			name = Debug;
		};
		18035549181F574700E0A0DF /* Release */ = {
			isa = XCBuildConfiguration;
			buildSettings = {
				ALWAYS_SEARCH_USER_PATHS = NO;
				ARCHS = "$(ARCHS_STANDARD_INCLUDING_64_BIT)";
				CLANG_CXX_LANGUAGE_STANDARD = "gnu++0x";
				CLANG_CXX_LIBRARY = "libc++";
				CLANG_ENABLE_MODULES = YES;
				CLANG_ENABLE_OBJC_ARC = YES;
				CLANG_WARN_BOOL_CONVERSION = YES;
				CLANG_WARN_CONSTANT_CONVERSION = YES;
				CLANG_WARN_DIRECT_OBJC_ISA_USAGE = YES_ERROR;
				CLANG_WARN_EMPTY_BODY = YES;
				CLANG_WARN_ENUM_CONVERSION = YES;
				CLANG_WARN_INT_CONVERSION = YES;
				CLANG_WARN_OBJC_ROOT_CLASS = YES_ERROR;
				CLANG_WARN__DUPLICATE_METHOD_MATCH = YES;
				"CODE_SIGN_IDENTITY[sdk=iphoneos*]" = "iPhone Developer";
				COPY_PHASE_STRIP = YES;
				ENABLE_NS_ASSERTIONS = NO;
				GCC_C_LANGUAGE_STANDARD = gnu99;
				GCC_WARN_64_TO_32_BIT_CONVERSION = YES;
				GCC_WARN_ABOUT_RETURN_TYPE = YES_ERROR;
				GCC_WARN_UNDECLARED_SELECTOR = YES;
				GCC_WARN_UNINITIALIZED_AUTOS = YES;
				GCC_WARN_UNUSED_FUNCTION = YES;
				GCC_WARN_UNUSED_VARIABLE = YES;
				IPHONEOS_DEPLOYMENT_TARGET = 7.0;
				SDKROOT = iphoneos;
				VALIDATE_PRODUCT = YES;
			};
			name = Release;
		};
		1803554B181F574700E0A0DF /* Debug */ = {
			isa = XCBuildConfiguration;
			buildSettings = {
				ARCHS = "$(ARCHS_STANDARD)";
				ASSETCATALOG_COMPILER_APPICON_NAME = AppIcon;
				ASSETCATALOG_COMPILER_LAUNCHIMAGE_NAME = LaunchImage;
				GCC_INPUT_FILETYPE = sourcecode.cpp.objcpp;
				GCC_PRECOMPILE_PREFIX_HEADER = YES;
				GCC_PREFIX_HEADER = "IndoorMapScene/IndoorMapScene-Prefix.pch";
				INFOPLIST_FILE = "IndoorMapScene/IndoorMapScene-Info.plist";
				IPHONEOS_DEPLOYMENT_TARGET = 5.1;
				PRODUCT_NAME = "$(TARGET_NAME)";
				WRAPPER_EXTENSION = app;
			};
			name = Debug;
		};
		1803554C181F574700E0A0DF /* Release */ = {
			isa = XCBuildConfiguration;
			buildSettings = {
				ARCHS = "$(ARCHS_STANDARD)";
				ASSETCATALOG_COMPILER_APPICON_NAME = AppIcon;
				ASSETCATALOG_COMPILER_LAUNCHIMAGE_NAME = LaunchImage;
				GCC_INPUT_FILETYPE = sourcecode.cpp.objcpp;
				GCC_PRECOMPILE_PREFIX_HEADER = YES;
				GCC_PREFIX_HEADER = "IndoorMapScene/IndoorMapScene-Prefix.pch";
				INFOPLIST_FILE = "IndoorMapScene/IndoorMapScene-Info.plist";
				IPHONEOS_DEPLOYMENT_TARGET = 5.1;
				PRODUCT_NAME = "$(TARGET_NAME)";
				WRAPPER_EXTENSION = app;
			};
			name = Release;
		};
		1803554E181F574700E0A0DF /* Debug */ = {
			isa = XCBuildConfiguration;
			buildSettings = {
				ARCHS = "$(ARCHS_STANDARD_INCLUDING_64_BIT)";
				BUNDLE_LOADER = "$(BUILT_PRODUCTS_DIR)/IndoorMapScene.app/IndoorMapScene";
				FRAMEWORK_SEARCH_PATHS = (
					"$(SDKROOT)/Developer/Library/Frameworks",
					"$(inherited)",
					"$(DEVELOPER_FRAMEWORKS_DIR)",
				);
				GCC_PRECOMPILE_PREFIX_HEADER = YES;
				GCC_PREFIX_HEADER = "IndoorMapScene/IndoorMapScene-Prefix.pch";
				GCC_PREPROCESSOR_DEFINITIONS = (
					"DEBUG=1",
					"$(inherited)",
				);
				INFOPLIST_FILE = "IndoorMapSceneTests/IndoorMapSceneTests-Info.plist";
				PRODUCT_NAME = "$(TARGET_NAME)";
				TEST_HOST = "$(BUNDLE_LOADER)";
				WRAPPER_EXTENSION = xctest;
			};
			name = Debug;
		};
		1803554F181F574700E0A0DF /* Release */ = {
			isa = XCBuildConfiguration;
			buildSettings = {
				ARCHS = "$(ARCHS_STANDARD_INCLUDING_64_BIT)";
				BUNDLE_LOADER = "$(BUILT_PRODUCTS_DIR)/IndoorMapScene.app/IndoorMapScene";
				FRAMEWORK_SEARCH_PATHS = (
					"$(SDKROOT)/Developer/Library/Frameworks",
					"$(inherited)",
					"$(DEVELOPER_FRAMEWORKS_DIR)",
				);
				GCC_PRECOMPILE_PREFIX_HEADER = YES;
				GCC_PREFIX_HEADER = "IndoorMapScene/IndoorMapScene-Prefix.pch";
				INFOPLIST_FILE = "IndoorMapSceneTests/IndoorMapSceneTests-Info.plist";
				PRODUCT_NAME = "$(TARGET_NAME)";
				TEST_HOST = "$(BUNDLE_LOADER)";
				WRAPPER_EXTENSION = xctest;
			};
			name = Release;
		};
/* End XCBuildConfiguration section */

/* Begin XCConfigurationList section */
		18035513181F574600E0A0DF /* Build configuration list for PBXProject "IndoorMapScene" */ = {
			isa = XCConfigurationList;
			buildConfigurations = (
				18035548181F574700E0A0DF /* Debug */,
				18035549181F574700E0A0DF /* Release */,
			);
			defaultConfigurationIsVisible = 0;
			defaultConfigurationName = Release;
		};
		1803554A181F574700E0A0DF /* Build configuration list for PBXNativeTarget "IndoorMapScene" */ = {
			isa = XCConfigurationList;
			buildConfigurations = (
				1803554B181F574700E0A0DF /* Debug */,
				1803554C181F574700E0A0DF /* Release */,
			);
			defaultConfigurationIsVisible = 0;
			defaultConfigurationName = Release;
		};
		1803554D181F574700E0A0DF /* Build configuration list for PBXNativeTarget "IndoorMapSceneTests" */ = {
			isa = XCConfigurationList;
			buildConfigurations = (
				1803554E181F574700E0A0DF /* Debug */,
				1803554F181F574700E0A0DF /* Release */,
			);
			defaultConfigurationIsVisible = 0;
			defaultConfigurationName = Release;
		};
/* End XCConfigurationList section */
	};
	rootObject = 18035510181F574600E0A0DF /* Project object */;
}
